
Microsoft Visual Studio Solution File, Format Version 12.00
# Visual Studio Version 17
VisualStudioVersion = 17.0.31903.59
MinimumVisualStudioVersion = 10.0.40219.1
Project("{FAE04EC0-301F-11D3-BF4B-00C04F79EFBC}") = "ChrisSimonAu.UniversityApi", "ChrisSimonAu.UniversityApi\ChrisSimonAu.UniversityApi.csproj", "{D64E3B92-D36E-439B-8E99-7CCAEAF127BF}"
EndProject
Project("{FAE04EC0-301F-11D3-BF4B-00C04F79EFBC}") = "ChrisSimonAu.UniversityApi.Tests", "ChrisSimonAu.UniversityApi.Tests\ChrisSimonAu.UniversityApi.Tests.csproj", "{3D26226D-ADA0-46AF-9690-50F1137F3E66}"
EndProject
Global
	GlobalSection(SolutionConfigurationPlatforms) = preSolution
		Debug|Any CPU = Debug|Any CPU
		Release|Any CPU = Release|Any CPU
	EndGlobalSection
	GlobalSection(SolutionProperties) = preSolution
		HideSolutionNode = FALSE
	EndGlobalSection
	GlobalSection(ProjectConfigurationPlatforms) = postSolution
		{D64E3B92-D36E-439B-8E99-7CCAEAF127BF}.Debug|Any CPU.ActiveCfg = Debug|Any CPU
		{D64E3B92-D36E-439B-8E99-7CCAEAF127BF}.Debug|Any CPU.Build.0 = Debug|Any CPU
		{D64E3B92-D36E-439B-8E99-7CCAEAF127BF}.Release|Any CPU.ActiveCfg = Release|Any CPU
		{D64E3B92-D36E-439B-8E99-7CCAEAF127BF}.Release|Any CPU.Build.0 = Release|Any CPU
		{3D26226D-ADA0-46AF-9690-50F1137F3E66}.Debug|Any CPU.ActiveCfg = Debug|Any CPU
		{3D26226D-ADA0-46AF-9690-50F1137F3E66}.Debug|Any CPU.Build.0 = Debug|Any CPU
		{3D26226D-ADA0-46AF-9690-50F1137F3E66}.Release|Any CPU.ActiveCfg = Release|Any CPU
		{3D26226D-ADA0-46AF-9690-50F1137F3E66}.Release|Any CPU.Build.0 = Release|Any CPU
	EndGlobalSection
EndGlobal
